
Microsoft Visual Studio Solution File, Format Version 12.00
# Visual Studio Version 16
VisualStudioVersion = 16.0.29519.87
MinimumVisualStudioVersion = 10.0.40219.1
Project("{FAE04EC0-301F-11D3-BF4B-00C04F79EFBC}") = "01-ByteBank", "01-ByteBank\01-ByteBank.csproj", "{875D65BE-1DF8-4D5F-AE1B-EEAD1114FCD9}"
EndProject
Project("{FAE04EC0-301F-11D3-BF4B-00C04F79EFBC}") = "02-ByteBank", "02-ByteBank\02-ByteBank.csproj", "{C41E79F9-1DDC-49AD-A13C-7A182223DBC7}"
EndProject
Project("{FAE04EC0-301F-11D3-BF4B-00C04F79EFBC}") = "03-ByteBank", "03-ByteBank\03-ByteBank.csproj", "{EBF55885-A2C1-41D6-B5B6-BB444ABD32DF}"
EndProject
Project("{FAE04EC0-301F-11D3-BF4B-00C04F79EFBC}") = "04-ByteBank", "04-ByteBank\04-ByteBank.csproj", "{E38D5BEC-562B-42B7-9F56-929EB3D1583B}"
EndProject
Project("{FAE04EC0-301F-11D3-BF4B-00C04F79EFBC}") = "05-ByteBank", "05-ByteBank\05-ByteBank.csproj", "{06A97016-9D1E-4829-9FD7-3362410617B5}"
EndProject
Project("{FAE04EC0-301F-11D3-BF4B-00C04F79EFBC}") = "06-ByteBank", "06-ByteBank\06-ByteBank.csproj", "{B9809973-779E-4EFD-BEFD-0447834376CE}"
EndProject
Project("{FAE04EC0-301F-11D3-BF4B-00C04F79EFBC}") = "07-ByteBank", "07-ByteBank\07-ByteBank.csproj", "{87AD7282-6E75-46D9-8E16-4D1C533CBCC5}"
EndProject
Global
	GlobalSection(SolutionConfigurationPlatforms) = preSolution
		Debug|Any CPU = Debug|Any CPU
		Release|Any CPU = Release|Any CPU
	EndGlobalSection
	GlobalSection(ProjectConfigurationPlatforms) = postSolution
		{875D65BE-1DF8-4D5F-AE1B-EEAD1114FCD9}.Debug|Any CPU.ActiveCfg = Debug|Any CPU
		{875D65BE-1DF8-4D5F-AE1B-EEAD1114FCD9}.Debug|Any CPU.Build.0 = Debug|Any CPU
		{875D65BE-1DF8-4D5F-AE1B-EEAD1114FCD9}.Release|Any CPU.ActiveCfg = Release|Any CPU
		{875D65BE-1DF8-4D5F-AE1B-EEAD1114FCD9}.Release|Any CPU.Build.0 = Release|Any CPU
		{C41E79F9-1DDC-49AD-A13C-7A182223DBC7}.Debug|Any CPU.ActiveCfg = Debug|Any CPU
		{C41E79F9-1DDC-49AD-A13C-7A182223DBC7}.Debug|Any CPU.Build.0 = Debug|Any CPU
		{C41E79F9-1DDC-49AD-A13C-7A182223DBC7}.Release|Any CPU.ActiveCfg = Release|Any CPU
		{C41E79F9-1DDC-49AD-A13C-7A182223DBC7}.Release|Any CPU.Build.0 = Release|Any CPU
		{EBF55885-A2C1-41D6-B5B6-BB444ABD32DF}.Debug|Any CPU.ActiveCfg = Debug|Any CPU
		{EBF55885-A2C1-41D6-B5B6-BB444ABD32DF}.Debug|Any CPU.Build.0 = Debug|Any CPU
		{EBF55885-A2C1-41D6-B5B6-BB444ABD32DF}.Release|Any CPU.ActiveCfg = Release|Any CPU
		{EBF55885-A2C1-41D6-B5B6-BB444ABD32DF}.Release|Any CPU.Build.0 = Release|Any CPU
		{E38D5BEC-562B-42B7-9F56-929EB3D1583B}.Debug|Any CPU.ActiveCfg = Debug|Any CPU
		{E38D5BEC-562B-42B7-9F56-929EB3D1583B}.Debug|Any CPU.Build.0 = Debug|Any CPU
		{E38D5BEC-562B-42B7-9F56-929EB3D1583B}.Release|Any CPU.ActiveCfg = Release|Any CPU
		{E38D5BEC-562B-42B7-9F56-929EB3D1583B}.Release|Any CPU.Build.0 = Release|Any CPU
		{06A97016-9D1E-4829-9FD7-3362410617B5}.Debug|Any CPU.ActiveCfg = Debug|Any CPU
		{06A97016-9D1E-4829-9FD7-3362410617B5}.Debug|Any CPU.Build.0 = Debug|Any CPU
		{06A97016-9D1E-4829-9FD7-3362410617B5}.Release|Any CPU.ActiveCfg = Release|Any CPU
		{06A97016-9D1E-4829-9FD7-3362410617B5}.Release|Any CPU.Build.0 = Release|Any CPU
		{B9809973-779E-4EFD-BEFD-0447834376CE}.Debug|Any CPU.ActiveCfg = Debug|Any CPU
		{B9809973-779E-4EFD-BEFD-0447834376CE}.Debug|Any CPU.Build.0 = Debug|Any CPU
		{B9809973-779E-4EFD-BEFD-0447834376CE}.Release|Any CPU.ActiveCfg = Release|Any CPU
		{B9809973-779E-4EFD-BEFD-0447834376CE}.Release|Any CPU.Build.0 = Release|Any CPU
		{87AD7282-6E75-46D9-8E16-4D1C533CBCC5}.Debug|Any CPU.ActiveCfg = Debug|Any CPU
		{87AD7282-6E75-46D9-8E16-4D1C533CBCC5}.Debug|Any CPU.Build.0 = Debug|Any CPU
		{87AD7282-6E75-46D9-8E16-4D1C533CBCC5}.Release|Any CPU.ActiveCfg = Release|Any CPU
		{87AD7282-6E75-46D9-8E16-4D1C533CBCC5}.Release|Any CPU.Build.0 = Release|Any CPU
	EndGlobalSection
	GlobalSection(SolutionProperties) = preSolution
		HideSolutionNode = FALSE
	EndGlobalSection
	GlobalSection(ExtensibilityGlobals) = postSolution
		SolutionGuid = {99721068-8BFC-4B59-906E-99CEB221F989}
	EndGlobalSection
EndGlobal
