
Microsoft Visual Studio Solution File, Format Version 12.00
# Visual Studio Version 16
VisualStudioVersion = 16.0.29519.87
MinimumVisualStudioVersion = 10.0.40219.1
Project("{FAE04EC0-301F-11D3-BF4B-00C04F79EFBC}") = "ByteBank", "ByteBank\ByteBank.csproj", "{1D744614-888B-4818-970B-379748EFC4F4}"
EndProject
Global
	GlobalSection(SolutionConfigurationPlatforms) = preSolution
		Debug|Any CPU = Debug|Any CPU
		Release|Any CPU = Release|Any CPU
	EndGlobalSection
	GlobalSection(ProjectConfigurationPlatforms) = postSolution
		{1D744614-888B-4818-970B-379748EFC4F4}.Debug|Any CPU.ActiveCfg = Debug|Any CPU
		{1D744614-888B-4818-970B-379748EFC4F4}.Debug|Any CPU.Build.0 = Debug|Any CPU
		{1D744614-888B-4818-970B-379748EFC4F4}.Release|Any CPU.ActiveCfg = Release|Any CPU
		{1D744614-888B-4818-970B-379748EFC4F4}.Release|Any CPU.Build.0 = Release|Any CPU
	EndGlobalSection
	GlobalSection(SolutionProperties) = preSolution
		HideSolutionNode = FALSE
	EndGlobalSection
	GlobalSection(ExtensibilityGlobals) = postSolution
		SolutionGuid = {69B984B5-90FE-47AF-987E-3B6D6BDC2C95}
	EndGlobalSection
EndGlobal
